
Microsoft Visual Studio Solution File, Format Version 12.00
# Visual Studio 14
VisualStudioVersion = 14.0.25123.0
MinimumVisualStudioVersion = 10.0.40219.1
Project("{FAE04EC0-301F-11D3-BF4B-00C04F79EFBC}") = "XFScrollviewAnimations.Plugin.Abstractions", "XFScrollviewAnimations.Plugin.Abstractions\XFScrollviewAnimations.Plugin.Abstractions.csproj", "{E0A73AEB-607F-443E-9529-4173FE690A16}"
EndProject
Project("{2150E333-8FDC-42A3-9474-1A3956D46DE8}") = "Misc", "Misc", "{A3A9DD8D-9E91-47BD-8ADD-E950BC0EE506}"
	ProjectSection(SolutionItems) = preProject
		..\nuget\Plugin.nuspec = ..\nuget\Plugin.nuspec
		..\appveyor.yml = ..\appveyor.yml
		..\build.cake = ..\build.cake
		..\README.md = ..\README.md
		..\Component\component.template.yaml = ..\Component\component.template.yaml
	EndProjectSection
EndProject
Project("{FAE04EC0-301F-11D3-BF4B-00C04F79EFBC}") = "XFScrollviewAnimations.Plugin.iOS", "XFScrollviewAnimations.Plugin.iOS\XFScrollviewAnimations.Plugin.iOS.csproj", "{B79FF39A-5930-4F5C-9138-FD081D438D28}"
EndProject
Project("{FAE04EC0-301F-11D3-BF4B-00C04F79EFBC}") = "XFScrollviewAnimations.Plugin.iOSUnified", "XFScrollviewAnimations.Plugin.iOSUnified\XFScrollviewAnimations.Plugin.iOSUnified.csproj", "{A6B81057-0668-4931-A605-84F7AC1CA937}"
EndProject
Project("{FAE04EC0-301F-11D3-BF4B-00C04F79EFBC}") = "XFScrollviewAnimations.Plugin.Android", "XFScrollviewAnimations.Plugin.Android\XFScrollviewAnimations.Plugin.Android.csproj", "{3C98C724-1797-4991-9AF2-969A337465DE}"
EndProject
Project("{FAE04EC0-301F-11D3-BF4B-00C04F79EFBC}") = "XFScrollviewAnimations.Plugin.Net45", "XFScrollviewAnimations.Plugin.Net45\XFScrollviewAnimations.Plugin.Net45.csproj", "{6A10F33D-B299-4E93-BD04-385196342845}"
EndProject
Project("{FAE04EC0-301F-11D3-BF4B-00C04F79EFBC}") = "XFScrollviewAnimations.Plugin", "XFScrollviewAnimations.Plugin\XFScrollviewAnimations.Plugin.csproj", "{E018DEDF-8FB8-4D46-A04B-97C9447965F5}"
EndProject
Project("{2150E333-8FDC-42A3-9474-1A3956D46DE8}") = "Sample", "Sample", "{D26E387D-ADB4-44F0-BF28-41010D853341}"
EndProject
Project("{FAE04EC0-301F-11D3-BF4B-00C04F79EFBC}") = "XFScrollViewSample", "XFScrollViewSample\XFScrollViewSample\XFScrollViewSample.csproj", "{4FEBD147-0A58-4826-8432-4A46E3BA2934}"
EndProject
Project("{FAE04EC0-301F-11D3-BF4B-00C04F79EFBC}") = "XFScrollViewSample.Droid", "XFScrollViewSample\Droid\XFScrollViewSample.Droid.csproj", "{71620251-D82C-41AC-883D-E91E27B8102D}"
EndProject
Project("{FAE04EC0-301F-11D3-BF4B-00C04F79EFBC}") = "XFScrollViewSample.iOS", "XFScrollViewSample\iOS\XFScrollViewSample.iOS.csproj", "{B0183A14-CA51-4097-8241-B74C56755620}"
EndProject
Global
	GlobalSection(SolutionConfigurationPlatforms) = preSolution
		Debug|Any CPU = Debug|Any CPU
		Debug|ARM = Debug|ARM
		Debug|x64 = Debug|x64
		Debug|x86 = Debug|x86
		Release|Any CPU = Release|Any CPU
		Release|ARM = Release|ARM
		Release|x64 = Release|x64
		Release|x86 = Release|x86
		Debug|iPhoneSimulator = Debug|iPhoneSimulator
		Release|iPhone = Release|iPhone
		Release|iPhoneSimulator = Release|iPhoneSimulator
		Debug|iPhone = Debug|iPhone
	EndGlobalSection
	GlobalSection(ProjectConfigurationPlatforms) = postSolution
		{E0A73AEB-607F-443E-9529-4173FE690A16}.Debug|Any CPU.ActiveCfg = Debug|Any CPU
		{E0A73AEB-607F-443E-9529-4173FE690A16}.Debug|Any CPU.Build.0 = Debug|Any CPU
		{E0A73AEB-607F-443E-9529-4173FE690A16}.Debug|ARM.ActiveCfg = Debug|Any CPU
		{E0A73AEB-607F-443E-9529-4173FE690A16}.Debug|x64.ActiveCfg = Debug|Any CPU
		{E0A73AEB-607F-443E-9529-4173FE690A16}.Debug|x86.ActiveCfg = Debug|Any CPU
		{E0A73AEB-607F-443E-9529-4173FE690A16}.Release|Any CPU.ActiveCfg = Release|Any CPU
		{E0A73AEB-607F-443E-9529-4173FE690A16}.Release|Any CPU.Build.0 = Release|Any CPU
		{E0A73AEB-607F-443E-9529-4173FE690A16}.Release|ARM.ActiveCfg = Release|Any CPU
		{E0A73AEB-607F-443E-9529-4173FE690A16}.Release|x64.ActiveCfg = Release|Any CPU
		{E0A73AEB-607F-443E-9529-4173FE690A16}.Release|x86.ActiveCfg = Release|Any CPU
		{E0A73AEB-607F-443E-9529-4173FE690A16}.Debug|iPhoneSimulator.ActiveCfg = Debug|Any CPU
		{E0A73AEB-607F-443E-9529-4173FE690A16}.Debug|iPhoneSimulator.Build.0 = Debug|Any CPU
		{E0A73AEB-607F-443E-9529-4173FE690A16}.Release|iPhone.ActiveCfg = Release|Any CPU
		{E0A73AEB-607F-443E-9529-4173FE690A16}.Release|iPhone.Build.0 = Release|Any CPU
		{E0A73AEB-607F-443E-9529-4173FE690A16}.Release|iPhoneSimulator.ActiveCfg = Release|Any CPU
		{E0A73AEB-607F-443E-9529-4173FE690A16}.Release|iPhoneSimulator.Build.0 = Release|Any CPU
		{E0A73AEB-607F-443E-9529-4173FE690A16}.Debug|iPhone.ActiveCfg = Debug|Any CPU
		{E0A73AEB-607F-443E-9529-4173FE690A16}.Debug|iPhone.Build.0 = Debug|Any CPU
		{B79FF39A-5930-4F5C-9138-FD081D438D28}.Debug|Any CPU.ActiveCfg = Debug|Any CPU
		{B79FF39A-5930-4F5C-9138-FD081D438D28}.Debug|Any CPU.Build.0 = Debug|Any CPU
		{B79FF39A-5930-4F5C-9138-FD081D438D28}.Debug|ARM.ActiveCfg = Debug|Any CPU
		{B79FF39A-5930-4F5C-9138-FD081D438D28}.Debug|x64.ActiveCfg = Debug|Any CPU
		{B79FF39A-5930-4F5C-9138-FD081D438D28}.Debug|x86.ActiveCfg = Debug|Any CPU
		{B79FF39A-5930-4F5C-9138-FD081D438D28}.Release|Any CPU.ActiveCfg = Release|Any CPU
		{B79FF39A-5930-4F5C-9138-FD081D438D28}.Release|Any CPU.Build.0 = Release|Any CPU
		{B79FF39A-5930-4F5C-9138-FD081D438D28}.Release|ARM.ActiveCfg = Release|Any CPU
		{B79FF39A-5930-4F5C-9138-FD081D438D28}.Release|x64.ActiveCfg = Release|Any CPU
		{B79FF39A-5930-4F5C-9138-FD081D438D28}.Release|x86.ActiveCfg = Release|Any CPU
		{B79FF39A-5930-4F5C-9138-FD081D438D28}.Debug|iPhoneSimulator.ActiveCfg = Debug|Any CPU
		{B79FF39A-5930-4F5C-9138-FD081D438D28}.Debug|iPhoneSimulator.Build.0 = Debug|Any CPU
		{B79FF39A-5930-4F5C-9138-FD081D438D28}.Release|iPhone.ActiveCfg = Release|Any CPU
		{B79FF39A-5930-4F5C-9138-FD081D438D28}.Release|iPhone.Build.0 = Release|Any CPU
		{B79FF39A-5930-4F5C-9138-FD081D438D28}.Release|iPhoneSimulator.ActiveCfg = Release|Any CPU
		{B79FF39A-5930-4F5C-9138-FD081D438D28}.Release|iPhoneSimulator.Build.0 = Release|Any CPU
		{B79FF39A-5930-4F5C-9138-FD081D438D28}.Debug|iPhone.ActiveCfg = Debug|Any CPU
		{B79FF39A-5930-4F5C-9138-FD081D438D28}.Debug|iPhone.Build.0 = Debug|Any CPU
		{A6B81057-0668-4931-A605-84F7AC1CA937}.Debug|Any CPU.ActiveCfg = Debug|Any CPU
		{A6B81057-0668-4931-A605-84F7AC1CA937}.Debug|Any CPU.Build.0 = Debug|Any CPU
		{A6B81057-0668-4931-A605-84F7AC1CA937}.Debug|ARM.ActiveCfg = Debug|Any CPU
		{A6B81057-0668-4931-A605-84F7AC1CA937}.Debug|x64.ActiveCfg = Debug|Any CPU
		{A6B81057-0668-4931-A605-84F7AC1CA937}.Debug|x86.ActiveCfg = Debug|Any CPU
		{A6B81057-0668-4931-A605-84F7AC1CA937}.Release|Any CPU.ActiveCfg = Release|Any CPU
		{A6B81057-0668-4931-A605-84F7AC1CA937}.Release|Any CPU.Build.0 = Release|Any CPU
		{A6B81057-0668-4931-A605-84F7AC1CA937}.Release|ARM.ActiveCfg = Release|Any CPU
		{A6B81057-0668-4931-A605-84F7AC1CA937}.Release|x64.ActiveCfg = Release|Any CPU
		{A6B81057-0668-4931-A605-84F7AC1CA937}.Release|x86.ActiveCfg = Release|Any CPU
		{A6B81057-0668-4931-A605-84F7AC1CA937}.Debug|iPhoneSimulator.ActiveCfg = Debug|Any CPU
		{A6B81057-0668-4931-A605-84F7AC1CA937}.Debug|iPhoneSimulator.Build.0 = Debug|Any CPU
		{A6B81057-0668-4931-A605-84F7AC1CA937}.Release|iPhone.ActiveCfg = Release|Any CPU
		{A6B81057-0668-4931-A605-84F7AC1CA937}.Release|iPhone.Build.0 = Release|Any CPU
		{A6B81057-0668-4931-A605-84F7AC1CA937}.Release|iPhoneSimulator.ActiveCfg = Release|Any CPU
		{A6B81057-0668-4931-A605-84F7AC1CA937}.Release|iPhoneSimulator.Build.0 = Release|Any CPU
		{A6B81057-0668-4931-A605-84F7AC1CA937}.Debug|iPhone.ActiveCfg = Debug|Any CPU
		{A6B81057-0668-4931-A605-84F7AC1CA937}.Debug|iPhone.Build.0 = Debug|Any CPU
		{3C98C724-1797-4991-9AF2-969A337465DE}.Debug|Any CPU.ActiveCfg = Debug|Any CPU
		{3C98C724-1797-4991-9AF2-969A337465DE}.Debug|Any CPU.Build.0 = Debug|Any CPU
		{3C98C724-1797-4991-9AF2-969A337465DE}.Debug|ARM.ActiveCfg = Debug|Any CPU
		{3C98C724-1797-4991-9AF2-969A337465DE}.Debug|x64.ActiveCfg = Debug|Any CPU
		{3C98C724-1797-4991-9AF2-969A337465DE}.Debug|x86.ActiveCfg = Debug|Any CPU
		{3C98C724-1797-4991-9AF2-969A337465DE}.Release|Any CPU.ActiveCfg = Release|Any CPU
		{3C98C724-1797-4991-9AF2-969A337465DE}.Release|Any CPU.Build.0 = Release|Any CPU
		{3C98C724-1797-4991-9AF2-969A337465DE}.Release|ARM.ActiveCfg = Release|Any CPU
		{3C98C724-1797-4991-9AF2-969A337465DE}.Release|x64.ActiveCfg = Release|Any CPU
		{3C98C724-1797-4991-9AF2-969A337465DE}.Release|x86.ActiveCfg = Release|Any CPU
		{3C98C724-1797-4991-9AF2-969A337465DE}.Debug|iPhoneSimulator.ActiveCfg = Debug|Any CPU
		{3C98C724-1797-4991-9AF2-969A337465DE}.Debug|iPhoneSimulator.Build.0 = Debug|Any CPU
		{3C98C724-1797-4991-9AF2-969A337465DE}.Release|iPhone.ActiveCfg = Release|Any CPU
		{3C98C724-1797-4991-9AF2-969A337465DE}.Release|iPhone.Build.0 = Release|Any CPU
		{3C98C724-1797-4991-9AF2-969A337465DE}.Release|iPhoneSimulator.ActiveCfg = Release|Any CPU
		{3C98C724-1797-4991-9AF2-969A337465DE}.Release|iPhoneSimulator.Build.0 = Release|Any CPU
		{3C98C724-1797-4991-9AF2-969A337465DE}.Debug|iPhone.ActiveCfg = Debug|Any CPU
		{3C98C724-1797-4991-9AF2-969A337465DE}.Debug|iPhone.Build.0 = Debug|Any CPU
		{6A10F33D-B299-4E93-BD04-385196342845}.Debug|Any CPU.ActiveCfg = Debug|Any CPU
		{6A10F33D-B299-4E93-BD04-385196342845}.Debug|Any CPU.Build.0 = Debug|Any CPU
		{6A10F33D-B299-4E93-BD04-385196342845}.Debug|ARM.ActiveCfg = Debug|Any CPU
		{6A10F33D-B299-4E93-BD04-385196342845}.Debug|ARM.Build.0 = Debug|Any CPU
		{6A10F33D-B299-4E93-BD04-385196342845}.Debug|x64.ActiveCfg = Debug|Any CPU
		{6A10F33D-B299-4E93-BD04-385196342845}.Debug|x64.Build.0 = Debug|Any CPU
		{6A10F33D-B299-4E93-BD04-385196342845}.Debug|x86.ActiveCfg = Debug|Any CPU
		{6A10F33D-B299-4E93-BD04-385196342845}.Debug|x86.Build.0 = Debug|Any CPU
		{6A10F33D-B299-4E93-BD04-385196342845}.Release|Any CPU.ActiveCfg = Release|Any CPU
		{6A10F33D-B299-4E93-BD04-385196342845}.Release|Any CPU.Build.0 = Release|Any CPU
		{6A10F33D-B299-4E93-BD04-385196342845}.Release|ARM.ActiveCfg = Release|Any CPU
		{6A10F33D-B299-4E93-BD04-385196342845}.Release|ARM.Build.0 = Release|Any CPU
		{6A10F33D-B299-4E93-BD04-385196342845}.Release|x64.ActiveCfg = Release|Any CPU
		{6A10F33D-B299-4E93-BD04-385196342845}.Release|x64.Build.0 = Release|Any CPU
		{6A10F33D-B299-4E93-BD04-385196342845}.Release|x86.ActiveCfg = Release|Any CPU
		{6A10F33D-B299-4E93-BD04-385196342845}.Release|x86.Build.0 = Release|Any CPU
		{6A10F33D-B299-4E93-BD04-385196342845}.Debug|iPhoneSimulator.ActiveCfg = Debug|Any CPU
		{6A10F33D-B299-4E93-BD04-385196342845}.Debug|iPhoneSimulator.Build.0 = Debug|Any CPU
		{6A10F33D-B299-4E93-BD04-385196342845}.Release|iPhone.ActiveCfg = Release|Any CPU
		{6A10F33D-B299-4E93-BD04-385196342845}.Release|iPhone.Build.0 = Release|Any CPU
		{6A10F33D-B299-4E93-BD04-385196342845}.Release|iPhoneSimulator.ActiveCfg = Release|Any CPU
		{6A10F33D-B299-4E93-BD04-385196342845}.Release|iPhoneSimulator.Build.0 = Release|Any CPU
		{6A10F33D-B299-4E93-BD04-385196342845}.Debug|iPhone.ActiveCfg = Debug|Any CPU
		{6A10F33D-B299-4E93-BD04-385196342845}.Debug|iPhone.Build.0 = Debug|Any CPU
		{E018DEDF-8FB8-4D46-A04B-97C9447965F5}.Debug|Any CPU.ActiveCfg = Debug|Any CPU
		{E018DEDF-8FB8-4D46-A04B-97C9447965F5}.Debug|Any CPU.Build.0 = Debug|Any CPU
		{E018DEDF-8FB8-4D46-A04B-97C9447965F5}.Debug|ARM.ActiveCfg = Debug|Any CPU
		{E018DEDF-8FB8-4D46-A04B-97C9447965F5}.Debug|ARM.Build.0 = Debug|Any CPU
		{E018DEDF-8FB8-4D46-A04B-97C9447965F5}.Debug|x64.ActiveCfg = Debug|Any CPU
		{E018DEDF-8FB8-4D46-A04B-97C9447965F5}.Debug|x64.Build.0 = Debug|Any CPU
		{E018DEDF-8FB8-4D46-A04B-97C9447965F5}.Debug|x86.ActiveCfg = Debug|Any CPU
		{E018DEDF-8FB8-4D46-A04B-97C9447965F5}.Debug|x86.Build.0 = Debug|Any CPU
		{E018DEDF-8FB8-4D46-A04B-97C9447965F5}.Release|Any CPU.ActiveCfg = Release|Any CPU
		{E018DEDF-8FB8-4D46-A04B-97C9447965F5}.Release|Any CPU.Build.0 = Release|Any CPU
		{E018DEDF-8FB8-4D46-A04B-97C9447965F5}.Release|ARM.ActiveCfg = Release|Any CPU
		{E018DEDF-8FB8-4D46-A04B-97C9447965F5}.Release|ARM.Build.0 = Release|Any CPU
		{E018DEDF-8FB8-4D46-A04B-97C9447965F5}.Release|x64.ActiveCfg = Release|Any CPU
		{E018DEDF-8FB8-4D46-A04B-97C9447965F5}.Release|x64.Build.0 = Release|Any CPU
		{E018DEDF-8FB8-4D46-A04B-97C9447965F5}.Release|x86.ActiveCfg = Release|Any CPU
		{E018DEDF-8FB8-4D46-A04B-97C9447965F5}.Release|x86.Build.0 = Release|Any CPU
		{E018DEDF-8FB8-4D46-A04B-97C9447965F5}.Debug|iPhoneSimulator.ActiveCfg = Debug|Any CPU
		{E018DEDF-8FB8-4D46-A04B-97C9447965F5}.Debug|iPhoneSimulator.Build.0 = Debug|Any CPU
		{E018DEDF-8FB8-4D46-A04B-97C9447965F5}.Release|iPhone.ActiveCfg = Release|Any CPU
		{E018DEDF-8FB8-4D46-A04B-97C9447965F5}.Release|iPhone.Build.0 = Release|Any CPU
		{E018DEDF-8FB8-4D46-A04B-97C9447965F5}.Release|iPhoneSimulator.ActiveCfg = Release|Any CPU
		{E018DEDF-8FB8-4D46-A04B-97C9447965F5}.Release|iPhoneSimulator.Build.0 = Release|Any CPU
		{E018DEDF-8FB8-4D46-A04B-97C9447965F5}.Debug|iPhone.ActiveCfg = Debug|Any CPU
		{E018DEDF-8FB8-4D46-A04B-97C9447965F5}.Debug|iPhone.Build.0 = Debug|Any CPU
		{4FEBD147-0A58-4826-8432-4A46E3BA2934}.Debug|Any CPU.ActiveCfg = Debug|Any CPU
		{4FEBD147-0A58-4826-8432-4A46E3BA2934}.Debug|Any CPU.Build.0 = Debug|Any CPU
		{4FEBD147-0A58-4826-8432-4A46E3BA2934}.Debug|ARM.ActiveCfg = Debug|Any CPU
		{4FEBD147-0A58-4826-8432-4A46E3BA2934}.Debug|ARM.Build.0 = Debug|Any CPU
		{4FEBD147-0A58-4826-8432-4A46E3BA2934}.Debug|x64.ActiveCfg = Debug|Any CPU
		{4FEBD147-0A58-4826-8432-4A46E3BA2934}.Debug|x64.Build.0 = Debug|Any CPU
		{4FEBD147-0A58-4826-8432-4A46E3BA2934}.Debug|x86.ActiveCfg = Debug|Any CPU
		{4FEBD147-0A58-4826-8432-4A46E3BA2934}.Debug|x86.Build.0 = Debug|Any CPU
		{4FEBD147-0A58-4826-8432-4A46E3BA2934}.Release|Any CPU.ActiveCfg = Release|Any CPU
		{4FEBD147-0A58-4826-8432-4A46E3BA2934}.Release|Any CPU.Build.0 = Release|Any CPU
		{4FEBD147-0A58-4826-8432-4A46E3BA2934}.Release|ARM.ActiveCfg = Release|Any CPU
		{4FEBD147-0A58-4826-8432-4A46E3BA2934}.Release|ARM.Build.0 = Release|Any CPU
		{4FEBD147-0A58-4826-8432-4A46E3BA2934}.Release|x64.ActiveCfg = Release|Any CPU
		{4FEBD147-0A58-4826-8432-4A46E3BA2934}.Release|x64.Build.0 = Release|Any CPU
		{4FEBD147-0A58-4826-8432-4A46E3BA2934}.Release|x86.ActiveCfg = Release|Any CPU
		{4FEBD147-0A58-4826-8432-4A46E3BA2934}.Release|x86.Build.0 = Release|Any CPU
		{4FEBD147-0A58-4826-8432-4A46E3BA2934}.Debug|iPhoneSimulator.ActiveCfg = Debug|Any CPU
		{4FEBD147-0A58-4826-8432-4A46E3BA2934}.Debug|iPhoneSimulator.Build.0 = Debug|Any CPU
		{4FEBD147-0A58-4826-8432-4A46E3BA2934}.Release|iPhone.ActiveCfg = Release|Any CPU
		{4FEBD147-0A58-4826-8432-4A46E3BA2934}.Release|iPhone.Build.0 = Release|Any CPU
		{4FEBD147-0A58-4826-8432-4A46E3BA2934}.Release|iPhoneSimulator.ActiveCfg = Release|Any CPU
		{4FEBD147-0A58-4826-8432-4A46E3BA2934}.Release|iPhoneSimulator.Build.0 = Release|Any CPU
		{4FEBD147-0A58-4826-8432-4A46E3BA2934}.Debug|iPhone.ActiveCfg = Debug|Any CPU
		{4FEBD147-0A58-4826-8432-4A46E3BA2934}.Debug|iPhone.Build.0 = Debug|Any CPU
		{71620251-D82C-41AC-883D-E91E27B8102D}.Debug|Any CPU.ActiveCfg = Debug|Any CPU
		{71620251-D82C-41AC-883D-E91E27B8102D}.Debug|Any CPU.Build.0 = Debug|Any CPU
		{71620251-D82C-41AC-883D-E91E27B8102D}.Debug|ARM.ActiveCfg = Debug|Any CPU
		{71620251-D82C-41AC-883D-E91E27B8102D}.Debug|ARM.Build.0 = Debug|Any CPU
		{71620251-D82C-41AC-883D-E91E27B8102D}.Debug|x64.ActiveCfg = Debug|Any CPU
		{71620251-D82C-41AC-883D-E91E27B8102D}.Debug|x64.Build.0 = Debug|Any CPU
		{71620251-D82C-41AC-883D-E91E27B8102D}.Debug|x86.ActiveCfg = Debug|Any CPU
		{71620251-D82C-41AC-883D-E91E27B8102D}.Debug|x86.Build.0 = Debug|Any CPU
		{71620251-D82C-41AC-883D-E91E27B8102D}.Release|Any CPU.ActiveCfg = Release|Any CPU
		{71620251-D82C-41AC-883D-E91E27B8102D}.Release|Any CPU.Build.0 = Release|Any CPU
		{71620251-D82C-41AC-883D-E91E27B8102D}.Release|ARM.ActiveCfg = Release|Any CPU
		{71620251-D82C-41AC-883D-E91E27B8102D}.Release|ARM.Build.0 = Release|Any CPU
		{71620251-D82C-41AC-883D-E91E27B8102D}.Release|x64.ActiveCfg = Release|Any CPU
		{71620251-D82C-41AC-883D-E91E27B8102D}.Release|x64.Build.0 = Release|Any CPU
		{71620251-D82C-41AC-883D-E91E27B8102D}.Release|x86.ActiveCfg = Release|Any CPU
		{71620251-D82C-41AC-883D-E91E27B8102D}.Release|x86.Build.0 = Release|Any CPU
		{71620251-D82C-41AC-883D-E91E27B8102D}.Debug|iPhoneSimulator.ActiveCfg = Debug|Any CPU
		{71620251-D82C-41AC-883D-E91E27B8102D}.Debug|iPhoneSimulator.Build.0 = Debug|Any CPU
		{71620251-D82C-41AC-883D-E91E27B8102D}.Release|iPhone.ActiveCfg = Release|Any CPU
		{71620251-D82C-41AC-883D-E91E27B8102D}.Release|iPhone.Build.0 = Release|Any CPU
		{71620251-D82C-41AC-883D-E91E27B8102D}.Release|iPhoneSimulator.ActiveCfg = Release|Any CPU
		{71620251-D82C-41AC-883D-E91E27B8102D}.Release|iPhoneSimulator.Build.0 = Release|Any CPU
		{71620251-D82C-41AC-883D-E91E27B8102D}.Debug|iPhone.ActiveCfg = Debug|Any CPU
		{71620251-D82C-41AC-883D-E91E27B8102D}.Debug|iPhone.Build.0 = Debug|Any CPU
		{B0183A14-CA51-4097-8241-B74C56755620}.Debug|Any CPU.ActiveCfg = Debug|iPhoneSimulator
		{B0183A14-CA51-4097-8241-B74C56755620}.Debug|Any CPU.Build.0 = Debug|iPhoneSimulator
		{B0183A14-CA51-4097-8241-B74C56755620}.Debug|ARM.ActiveCfg = Debug|iPhoneSimulator
		{B0183A14-CA51-4097-8241-B74C56755620}.Debug|ARM.Build.0 = Debug|iPhoneSimulator
		{B0183A14-CA51-4097-8241-B74C56755620}.Debug|x64.ActiveCfg = Debug|iPhoneSimulator
		{B0183A14-CA51-4097-8241-B74C56755620}.Debug|x64.Build.0 = Debug|iPhoneSimulator
		{B0183A14-CA51-4097-8241-B74C56755620}.Debug|x86.ActiveCfg = Debug|iPhoneSimulator
		{B0183A14-CA51-4097-8241-B74C56755620}.Debug|x86.Build.0 = Debug|iPhoneSimulator
		{B0183A14-CA51-4097-8241-B74C56755620}.Release|Any CPU.ActiveCfg = Release|iPhone
		{B0183A14-CA51-4097-8241-B74C56755620}.Release|Any CPU.Build.0 = Release|iPhone
		{B0183A14-CA51-4097-8241-B74C56755620}.Release|ARM.ActiveCfg = Release|iPhone
		{B0183A14-CA51-4097-8241-B74C56755620}.Release|ARM.Build.0 = Release|iPhone
		{B0183A14-CA51-4097-8241-B74C56755620}.Release|x64.ActiveCfg = Release|iPhone
		{B0183A14-CA51-4097-8241-B74C56755620}.Release|x64.Build.0 = Release|iPhone
		{B0183A14-CA51-4097-8241-B74C56755620}.Release|x86.ActiveCfg = Release|iPhone
		{B0183A14-CA51-4097-8241-B74C56755620}.Release|x86.Build.0 = Release|iPhone
		{B0183A14-CA51-4097-8241-B74C56755620}.Debug|iPhoneSimulator.ActiveCfg = Debug|iPhoneSimulator
		{B0183A14-CA51-4097-8241-B74C56755620}.Debug|iPhoneSimulator.Build.0 = Debug|iPhoneSimulator
		{B0183A14-CA51-4097-8241-B74C56755620}.Release|iPhone.ActiveCfg = Release|iPhone
		{B0183A14-CA51-4097-8241-B74C56755620}.Release|iPhone.Build.0 = Release|iPhone
		{B0183A14-CA51-4097-8241-B74C56755620}.Release|iPhoneSimulator.ActiveCfg = Release|iPhoneSimulator
		{B0183A14-CA51-4097-8241-B74C56755620}.Release|iPhoneSimulator.Build.0 = Release|iPhoneSimulator
		{B0183A14-CA51-4097-8241-B74C56755620}.Debug|iPhone.ActiveCfg = Debug|iPhone
		{B0183A14-CA51-4097-8241-B74C56755620}.Debug|iPhone.Build.0 = Debug|iPhone
	EndGlobalSection
	GlobalSection(SolutionProperties) = preSolution
		HideSolutionNode = FALSE
	EndGlobalSection
	GlobalSection(MonoDevelopProperties) = preSolution
		Policies = $0
		$0.DotNetNamingPolicy = $1
		$1.DirectoryNamespaceAssociation = None
		$1.ResourceNamePolicy = FileFormatDefault
		$0.TextStylePolicy = $2
		$2.inheritsSet = null
		$2.scope = application/config+xml
		$2.FileWidth = 120
		$2.TabsToSpaces = False
		$2.inheritsScope = text/plain
		$0.CSharpFormattingPolicy = $3
		$3.IndentSwitchSection = True
		$3.NewLinesForBracesInProperties = True
		$3.NewLinesForBracesInAccessors = True
		$3.NewLinesForBracesInAnonymousMethods = True
		$3.NewLinesForBracesInControlBlocks = True
		$3.NewLinesForBracesInAnonymousTypes = True
		$3.NewLinesForBracesInObjectCollectionArrayInitializers = True
		$3.NewLinesForBracesInLambdaExpressionBody = True
		$3.NewLineForElse = True
		$3.NewLineForCatch = True
		$3.NewLineForFinally = True
		$3.NewLineForMembersInObjectInit = True
		$3.NewLineForMembersInAnonymousTypes = True
		$3.NewLineForClausesInQuery = True
		$3.SpacingAfterMethodDeclarationName = False
		$3.SpaceAfterMethodCallName = False
		$3.SpaceBeforeOpenSquareBracket = False
		$3.inheritsSet = Mono
		$3.inheritsScope = text/x-csharp
		$3.scope = text/x-csharp
		$0.XmlFormattingPolicy = $4
		$4.inheritsSet = null
		$4.scope = application/config+xml
		version = 1.0.0
	EndGlobalSection
	GlobalSection(NestedProjects) = preSolution
		{4FEBD147-0A58-4826-8432-4A46E3BA2934} = {D26E387D-ADB4-44F0-BF28-41010D853341}
		{71620251-D82C-41AC-883D-E91E27B8102D} = {D26E387D-ADB4-44F0-BF28-41010D853341}
		{B0183A14-CA51-4097-8241-B74C56755620} = {D26E387D-ADB4-44F0-BF28-41010D853341}
	EndGlobalSection
EndGlobal
