
Microsoft Visual Studio Solution File, Format Version 12.00
# Visual Studio 14
VisualStudioVersion = 14.0.25123.0
MinimumVisualStudioVersion = 10.0.40219.1
Project("{FAE04EC0-301F-11D3-BF4B-00C04F79EFBC}") = "Plugin.XFScrollviewAnimations.Abstractions", "Plugin.XFScrollviewAnimations.Abstractions\Plugin.XFScrollviewAnimations.Abstractions.csproj", "{E0A73AEB-607F-443E-9529-4173FE690A16}"
EndProject
Project("{2150E333-8FDC-42A3-9474-1A3956D46DE8}") = "Misc", "Misc", "{A3A9DD8D-9E91-47BD-8ADD-E950BC0EE506}"
	ProjectSection(SolutionItems) = preProject
		..\nuget\Plugin.nuspec = ..\nuget\Plugin.nuspec
		..\appveyor.yml = ..\appveyor.yml
		..\build.cake = ..\build.cake
		..\README.md = ..\README.md
		..\Component\component.template.yaml = ..\Component\component.template.yaml
	EndProjectSection
EndProject
Project("{FAE04EC0-301F-11D3-BF4B-00C04F79EFBC}") = "Plugin.XFScrollviewAnimations.iOS", "Plugin.XFScrollviewAnimations.iOS\Plugin.XFScrollviewAnimations.iOS.csproj", "{B79FF39A-5930-4F5C-9138-FD081D438D28}"
EndProject
Project("{FAE04EC0-301F-11D3-BF4B-00C04F79EFBC}") = "Plugin.XFScrollviewAnimations.iOSUnified", "Plugin.XFScrollviewAnimations.iOSUnified\Plugin.XFScrollviewAnimations.iOSUnified.csproj", "{A6B81057-0668-4931-A605-84F7AC1CA937}"
EndProject
Project("{FAE04EC0-301F-11D3-BF4B-00C04F79EFBC}") = "XFScrollviewAnimations.Plugin.Android", "XFScrollviewAnimations.Plugin.Android\XFScrollviewAnimations.Plugin.Android.csproj", "{3C98C724-1797-4991-9AF2-969A337465DE}"
EndProject
Project("{FAE04EC0-301F-11D3-BF4B-00C04F79EFBC}") = "XFScrollviewAnimations.Plugin.Net45", "XFScrollviewAnimations.Plugin.Net45\XFScrollviewAnimations.Plugin.Net45.csproj", "{6A10F33D-B299-4E93-BD04-385196342845}"
Project("{FAE04EC0-301F-11D3-BF4B-00C04F79EFBC}") = "Plugin.XFScrollviewAnimations.WinPhoneRT", "Plugin.XFScrollviewAnimations.WinPhoneRT\Plugin.XFScrollviewAnimations.WinPhoneRT.csproj", "{E88F2DC0-AFCB-4D34-8F5D-E0B6BA54282B}"
EndProject
Project("{FAE04EC0-301F-11D3-BF4B-00C04F79EFBC}") = "Plugin.XFScrollviewAnimations.WinPhone", "Plugin.XFScrollviewAnimations.WinPhone\Plugin.XFScrollviewAnimations.WinPhone.csproj", "{9606B619-FC46-4512-A5AC-97B4B4A0FB60}"
EndProject
Project("{FAE04EC0-301F-11D3-BF4B-00C04F79EFBC}") = "Plugin.XFScrollviewAnimations.Android", "Plugin.XFScrollviewAnimations.Android\Plugin.XFScrollviewAnimations.Android.csproj", "{3C98C724-1797-4991-9AF2-969A337465DE}"
EndProject
Project("{FAE04EC0-301F-11D3-BF4B-00C04F79EFBC}") = "Plugin.XFScrollviewAnimations.WinStore", "Plugin.XFScrollviewAnimations.WinStore\Plugin.XFScrollviewAnimations.WinStore.csproj", "{6065BE34-A624-42AA-ABF3-FA4D7E2DE662}"
EndProject
Project("{FAE04EC0-301F-11D3-BF4B-00C04F79EFBC}") = "Plugin.XFScrollviewAnimations.UWP", "Plugin.XFScrollviewAnimations.UWP\Plugin.XFScrollviewAnimations.UWP.csproj", "{CC294F69-2513-455C-9B2D-547E4C01D1A6}"
EndProject
Project("{FAE04EC0-301F-11D3-BF4B-00C04F79EFBC}") = "Plugin.XFScrollviewAnimations.Net45", "Plugin.XFScrollviewAnimations.Net45\Plugin.XFScrollviewAnimations.Net45.csproj", "{6A10F33D-B299-4E93-BD04-385196342845}"
EndProject
Project("{FAE04EC0-301F-11D3-BF4B-00C04F79EFBC}") = "Plugin.XFScrollviewAnimations", "Plugin.XFScrollviewAnimations\Plugin.XFScrollviewAnimations.csproj", "{E018DEDF-8FB8-4D46-A04B-97C9447965F5}"
EndProject
Global
	GlobalSection(SolutionConfigurationPlatforms) = preSolution
		Debug|Any CPU = Debug|Any CPU
		Debug|ARM = Debug|ARM
		Debug|x64 = Debug|x64
		Debug|x86 = Debug|x86
		Release|Any CPU = Release|Any CPU
		Release|ARM = Release|ARM
		Release|x64 = Release|x64
		Release|x86 = Release|x86
	EndGlobalSection
	GlobalSection(ProjectConfigurationPlatforms) = postSolution
		{E0A73AEB-607F-443E-9529-4173FE690A16}.Debug|Any CPU.ActiveCfg = Debug|Any CPU
		{E0A73AEB-607F-443E-9529-4173FE690A16}.Debug|Any CPU.Build.0 = Debug|Any CPU
		{E0A73AEB-607F-443E-9529-4173FE690A16}.Debug|ARM.ActiveCfg = Debug|Any CPU
		{E0A73AEB-607F-443E-9529-4173FE690A16}.Debug|x64.ActiveCfg = Debug|Any CPU
		{E0A73AEB-607F-443E-9529-4173FE690A16}.Debug|x86.ActiveCfg = Debug|Any CPU
		{E0A73AEB-607F-443E-9529-4173FE690A16}.Release|Any CPU.ActiveCfg = Release|Any CPU
		{E0A73AEB-607F-443E-9529-4173FE690A16}.Release|Any CPU.Build.0 = Release|Any CPU
		{E0A73AEB-607F-443E-9529-4173FE690A16}.Release|ARM.ActiveCfg = Release|Any CPU
		{E0A73AEB-607F-443E-9529-4173FE690A16}.Release|x64.ActiveCfg = Release|Any CPU
		{E0A73AEB-607F-443E-9529-4173FE690A16}.Release|x86.ActiveCfg = Release|Any CPU
		{B79FF39A-5930-4F5C-9138-FD081D438D28}.Debug|Any CPU.ActiveCfg = Debug|Any CPU
		{B79FF39A-5930-4F5C-9138-FD081D438D28}.Debug|Any CPU.Build.0 = Debug|Any CPU
		{B79FF39A-5930-4F5C-9138-FD081D438D28}.Debug|ARM.ActiveCfg = Debug|Any CPU
		{B79FF39A-5930-4F5C-9138-FD081D438D28}.Debug|x64.ActiveCfg = Debug|Any CPU
		{B79FF39A-5930-4F5C-9138-FD081D438D28}.Debug|x86.ActiveCfg = Debug|Any CPU
		{B79FF39A-5930-4F5C-9138-FD081D438D28}.Release|Any CPU.ActiveCfg = Release|Any CPU
		{B79FF39A-5930-4F5C-9138-FD081D438D28}.Release|Any CPU.Build.0 = Release|Any CPU
		{B79FF39A-5930-4F5C-9138-FD081D438D28}.Release|ARM.ActiveCfg = Release|Any CPU
		{B79FF39A-5930-4F5C-9138-FD081D438D28}.Release|x64.ActiveCfg = Release|Any CPU
		{B79FF39A-5930-4F5C-9138-FD081D438D28}.Release|x86.ActiveCfg = Release|Any CPU
		{A6B81057-0668-4931-A605-84F7AC1CA937}.Debug|Any CPU.ActiveCfg = Debug|Any CPU
		{A6B81057-0668-4931-A605-84F7AC1CA937}.Debug|Any CPU.Build.0 = Debug|Any CPU
		{A6B81057-0668-4931-A605-84F7AC1CA937}.Debug|ARM.ActiveCfg = Debug|Any CPU
		{A6B81057-0668-4931-A605-84F7AC1CA937}.Debug|x64.ActiveCfg = Debug|Any CPU
		{A6B81057-0668-4931-A605-84F7AC1CA937}.Debug|x86.ActiveCfg = Debug|Any CPU
		{A6B81057-0668-4931-A605-84F7AC1CA937}.Release|Any CPU.ActiveCfg = Release|Any CPU
		{A6B81057-0668-4931-A605-84F7AC1CA937}.Release|Any CPU.Build.0 = Release|Any CPU
		{A6B81057-0668-4931-A605-84F7AC1CA937}.Release|ARM.ActiveCfg = Release|Any CPU
		{A6B81057-0668-4931-A605-84F7AC1CA937}.Release|x64.ActiveCfg = Release|Any CPU
		{A6B81057-0668-4931-A605-84F7AC1CA937}.Release|x86.ActiveCfg = Release|Any CPU
		{3C98C724-1797-4991-9AF2-969A337465DE}.Debug|Any CPU.ActiveCfg = Debug|Any CPU
		{3C98C724-1797-4991-9AF2-969A337465DE}.Debug|Any CPU.Build.0 = Debug|Any CPU
		{3C98C724-1797-4991-9AF2-969A337465DE}.Debug|ARM.ActiveCfg = Debug|Any CPU
		{3C98C724-1797-4991-9AF2-969A337465DE}.Debug|x64.ActiveCfg = Debug|Any CPU
		{3C98C724-1797-4991-9AF2-969A337465DE}.Debug|x86.ActiveCfg = Debug|Any CPU
		{3C98C724-1797-4991-9AF2-969A337465DE}.Release|Any CPU.ActiveCfg = Release|Any CPU
		{3C98C724-1797-4991-9AF2-969A337465DE}.Release|Any CPU.Build.0 = Release|Any CPU
		{3C98C724-1797-4991-9AF2-969A337465DE}.Release|ARM.ActiveCfg = Release|Any CPU
		{3C98C724-1797-4991-9AF2-969A337465DE}.Release|x64.ActiveCfg = Release|Any CPU
		{3C98C724-1797-4991-9AF2-969A337465DE}.Release|x86.ActiveCfg = Release|Any CPU
		{6A10F33D-B299-4E93-BD04-385196342845}.Debug|Any CPU.ActiveCfg = Debug|Any CPU
		{6A10F33D-B299-4E93-BD04-385196342845}.Debug|Any CPU.Build.0 = Debug|Any CPU
		{6A10F33D-B299-4E93-BD04-385196342845}.Debug|ARM.ActiveCfg = Debug|Any CPU
		{6A10F33D-B299-4E93-BD04-385196342845}.Debug|ARM.Build.0 = Debug|Any CPU
		{6A10F33D-B299-4E93-BD04-385196342845}.Debug|x64.ActiveCfg = Debug|Any CPU
		{6A10F33D-B299-4E93-BD04-385196342845}.Debug|x64.Build.0 = Debug|Any CPU
		{6A10F33D-B299-4E93-BD04-385196342845}.Debug|x86.ActiveCfg = Debug|Any CPU
		{6A10F33D-B299-4E93-BD04-385196342845}.Debug|x86.Build.0 = Debug|Any CPU
		{6A10F33D-B299-4E93-BD04-385196342845}.Release|Any CPU.ActiveCfg = Release|Any CPU
		{6A10F33D-B299-4E93-BD04-385196342845}.Release|Any CPU.Build.0 = Release|Any CPU
		{6A10F33D-B299-4E93-BD04-385196342845}.Release|ARM.ActiveCfg = Release|Any CPU
		{6A10F33D-B299-4E93-BD04-385196342845}.Release|ARM.Build.0 = Release|Any CPU
		{6A10F33D-B299-4E93-BD04-385196342845}.Release|x64.ActiveCfg = Release|Any CPU
		{6A10F33D-B299-4E93-BD04-385196342845}.Release|x64.Build.0 = Release|Any CPU
		{6A10F33D-B299-4E93-BD04-385196342845}.Release|x86.ActiveCfg = Release|Any CPU
		{6A10F33D-B299-4E93-BD04-385196342845}.Release|x86.Build.0 = Release|Any CPU
		{E018DEDF-8FB8-4D46-A04B-97C9447965F5}.Debug|Any CPU.ActiveCfg = Debug|Any CPU
		{E018DEDF-8FB8-4D46-A04B-97C9447965F5}.Debug|Any CPU.Build.0 = Debug|Any CPU
		{E018DEDF-8FB8-4D46-A04B-97C9447965F5}.Debug|ARM.ActiveCfg = Debug|Any CPU
		{E018DEDF-8FB8-4D46-A04B-97C9447965F5}.Debug|ARM.Build.0 = Debug|Any CPU
		{E018DEDF-8FB8-4D46-A04B-97C9447965F5}.Debug|x64.ActiveCfg = Debug|Any CPU
		{E018DEDF-8FB8-4D46-A04B-97C9447965F5}.Debug|x64.Build.0 = Debug|Any CPU
		{E018DEDF-8FB8-4D46-A04B-97C9447965F5}.Debug|x86.ActiveCfg = Debug|Any CPU
		{E018DEDF-8FB8-4D46-A04B-97C9447965F5}.Debug|x86.Build.0 = Debug|Any CPU
		{E018DEDF-8FB8-4D46-A04B-97C9447965F5}.Release|Any CPU.ActiveCfg = Release|Any CPU
		{E018DEDF-8FB8-4D46-A04B-97C9447965F5}.Release|Any CPU.Build.0 = Release|Any CPU
		{E018DEDF-8FB8-4D46-A04B-97C9447965F5}.Release|ARM.ActiveCfg = Release|Any CPU
		{E018DEDF-8FB8-4D46-A04B-97C9447965F5}.Release|ARM.Build.0 = Release|Any CPU
		{E018DEDF-8FB8-4D46-A04B-97C9447965F5}.Release|x64.ActiveCfg = Release|Any CPU
		{E018DEDF-8FB8-4D46-A04B-97C9447965F5}.Release|x64.Build.0 = Release|Any CPU
		{E018DEDF-8FB8-4D46-A04B-97C9447965F5}.Release|x86.ActiveCfg = Release|Any CPU
		{E018DEDF-8FB8-4D46-A04B-97C9447965F5}.Release|x86.Build.0 = Release|Any CPU
	EndGlobalSection
	GlobalSection(SolutionProperties) = preSolution
		HideSolutionNode = FALSE
	EndGlobalSection
	GlobalSection(MonoDevelopProperties) = preSolution
		Policies = $0
		$0.DotNetNamingPolicy = $1
		$1.DirectoryNamespaceAssociation = None
		$1.ResourceNamePolicy = FileFormatDefault
		$0.TextStylePolicy = $2
		$2.inheritsSet = null
		$2.scope = application/config+xml
		$2.FileWidth = 120
		$2.TabsToSpaces = False
		$2.inheritsScope = text/plain
		$0.CSharpFormattingPolicy = $3
		$3.IndentSwitchSection = True
		$3.NewLinesForBracesInProperties = True
		$3.NewLinesForBracesInAccessors = True
		$3.NewLinesForBracesInAnonymousMethods = True
		$3.NewLinesForBracesInControlBlocks = True
		$3.NewLinesForBracesInAnonymousTypes = True
		$3.NewLinesForBracesInObjectCollectionArrayInitializers = True
		$3.NewLinesForBracesInLambdaExpressionBody = True
		$3.NewLineForElse = True
		$3.NewLineForCatch = True
		$3.NewLineForFinally = True
		$3.NewLineForMembersInObjectInit = True
		$3.NewLineForMembersInAnonymousTypes = True
		$3.NewLineForClausesInQuery = True
		$3.SpacingAfterMethodDeclarationName = False
		$3.SpaceAfterMethodCallName = False
		$3.SpaceBeforeOpenSquareBracket = False
		$3.inheritsSet = Mono
		$3.inheritsScope = text/x-csharp
		$3.scope = text/x-csharp
		$0.XmlFormattingPolicy = $4
		$4.inheritsSet = null
		$4.scope = application/config+xml
		version = 1.0.0
	EndGlobalSection
EndGlobal
